
Microsoft Visual Studio Solution File, Format Version 12.00
# Visual Studio 14
VisualStudioVersion = 14.0.25420.1
MinimumVisualStudioVersion = 10.0.40219.1
Project("{FAE04EC0-301F-11D3-BF4B-00C04F79EFBC}") = "LinkedList", "LinkedList\LinkedList.csproj", "{3658125F-53EC-4CEA-BC88-17BDA556063A}"
EndProject
Project("{FAE04EC0-301F-11D3-BF4B-00C04F79EFBC}") = "AvlTrees", "AvlTrees\AvlTrees.csproj", "{D90FA7DB-E4E6-4826-BE12-2CA2AEF02666}"
EndProject
Global
	GlobalSection(SolutionConfigurationPlatforms) = preSolution
		Debug|Any CPU = Debug|Any CPU
		Release|Any CPU = Release|Any CPU
	EndGlobalSection
	GlobalSection(ProjectConfigurationPlatforms) = postSolution
		{3658125F-53EC-4CEA-BC88-17BDA556063A}.Debug|Any CPU.ActiveCfg = Debug|Any CPU
		{3658125F-53EC-4CEA-BC88-17BDA556063A}.Debug|Any CPU.Build.0 = Debug|Any CPU
		{3658125F-53EC-4CEA-BC88-17BDA556063A}.Release|Any CPU.ActiveCfg = Release|Any CPU
		{3658125F-53EC-4CEA-BC88-17BDA556063A}.Release|Any CPU.Build.0 = Release|Any CPU
		{D90FA7DB-E4E6-4826-BE12-2CA2AEF02666}.Debug|Any CPU.ActiveCfg = Debug|Any CPU
		{D90FA7DB-E4E6-4826-BE12-2CA2AEF02666}.Debug|Any CPU.Build.0 = Debug|Any CPU
		{D90FA7DB-E4E6-4826-BE12-2CA2AEF02666}.Release|Any CPU.ActiveCfg = Release|Any CPU
		{D90FA7DB-E4E6-4826-BE12-2CA2AEF02666}.Release|Any CPU.Build.0 = Release|Any CPU
	EndGlobalSection
	GlobalSection(SolutionProperties) = preSolution
		HideSolutionNode = FALSE
	EndGlobalSection
EndGlobal
